{
  "name": "proto",
  "version": "1.0.0",
  "lockfileVersion": 2,
  "requires": true,
  "packages": {
    "": {
      "version": "1.0.0",
      "license": "ISC",
      "dependencies": {
        "fs": "^0.0.1-security",
        "google-protobuf": "^3.15.3"
      }
    },
    "node_modules/fs": {
      "version": "0.0.1-security",
      "resolved": "https://registry.npmjs.org/fs/-/fs-0.0.1-security.tgz",
      "integrity": "sha1-invTcYa23d84E/I4WLV+yq9eQdQ="
    },
    "node_modules/google-protobuf": {
      "version": "3.15.3",
      "resolved": "https://registry.npmjs.org/google-protobuf/-/google-protobuf-3.15.3.tgz",
      "integrity": "sha512-+q6w/pTPS8hmdeHe+OWO7PRKOkqtPM4+dxUUOtC9lLgiaLUd7FQq+0EkTt9UmEHf2KMigkbV1fIxSr73t/JG/A=="
    }
  },
  "dependencies": {
    "fs": {
      "version": "0.0.1-security",
      "resolved": "https://registry.npmjs.org/fs/-/fs-0.0.1-security.tgz",
      "integrity": "sha1-invTcYa23d84E/I4WLV+yq9eQdQ="
    },
    "google-protobuf": {
      "version": "3.15.3",
      "resolved": "https://registry.npmjs.org/google-protobuf/-/google-protobuf-3.15.3.tgz",
      "integrity": "sha512-+q6w/pTPS8hmdeHe+OWO7PRKOkqtPM4+dxUUOtC9lLgiaLUd7FQq+0EkTt9UmEHf2KMigkbV1fIxSr73t/JG/A=="
    }
  }
}
